
Microsoft Visual Studio Solution File, Format Version 12.00
# Visual Studio Version 16
VisualStudioVersion = 16.0.30413.136
MinimumVisualStudioVersion = 10.0.40219.1
Project("{FAE04EC0-301F-11D3-BF4B-00C04F79EFBC}") = "XLinqWarOfWesteros", "XLinqWarOfWesteros\XLinqWarOfWesteros.csproj", "{0765B984-73BA-4A13-901F-37FA7587DBEB}"
EndProject
Global
	GlobalSection(SolutionConfigurationPlatforms) = preSolution
		Debug|Any CPU = Debug|Any CPU
		Release|Any CPU = Release|Any CPU
	EndGlobalSection
	GlobalSection(ProjectConfigurationPlatforms) = postSolution
		{0765B984-73BA-4A13-901F-37FA7587DBEB}.Debug|Any CPU.ActiveCfg = Debug|Any CPU
		{0765B984-73BA-4A13-901F-37FA7587DBEB}.Debug|Any CPU.Build.0 = Debug|Any CPU
		{0765B984-73BA-4A13-901F-37FA7587DBEB}.Release|Any CPU.ActiveCfg = Release|Any CPU
		{0765B984-73BA-4A13-901F-37FA7587DBEB}.Release|Any CPU.Build.0 = Release|Any CPU
	EndGlobalSection
	GlobalSection(SolutionProperties) = preSolution
		HideSolutionNode = FALSE
	EndGlobalSection
	GlobalSection(ExtensibilityGlobals) = postSolution
		SolutionGuid = {6BD834D6-86E1-4692-9423-C29B4C34CC8D}
	EndGlobalSection
EndGlobal
